Microsoft Visual Studio Solution File, Format Version 12.00
# Visual Studio 15
VisualStudioVersion = 15.0.25920.0
MinimumVisualStudioVersion = 10.0.40219.1
Project("{2150E333-8FDC-42A3-9474-1A3956D46DE8}") = "Core", "Core", "{9D360D43-0C05-49D6-84DB-4E7AB2F38F82}"
	ProjectSection(MonoDevelopProperties) = preProject
		BaseDirectory = src\core
	EndProjectSection
EndProject
Project("{FAE04EC0-301F-11D3-BF4B-00C04F79EFBC}") = "MonoDevelop.Core", "src\core\MonoDevelop.Core\MonoDevelop.Core.csproj", "{7525BB88-6142-4A26-93B9-A30C6983390A}"
EndProject
Project("{FAE04EC0-301F-11D3-BF4B-00C04F79EFBC}") = "MonoDevelop.Ide", "src\core\MonoDevelop.Ide\MonoDevelop.Ide.csproj", "{27096E7F-C91C-4AC6-B289-6897A701DF21}"
EndProject
Project("{FAE04EC0-301F-11D3-BF4B-00C04F79EFBC}") = "Mono.TextEditor", "src\core\Mono.Texteditor\Mono.TextEditor.csproj", "{A2329308-3751-4DBD-9A75-5F7B8B024625}"
EndProject
Project("{2150E333-8FDC-42A3-9474-1A3956D46DE8}") = "Addins", "Addins", "{D417E929-2B3A-46AC-BBE8-027ADB63A790}"
EndProject
Project("{FAE04EC0-301F-11D3-BF4B-00C04F79EFBC}") = "ILAsmBinding", "src\addins\ILAsmBinding\ILAsmBinding.csproj", "{961B9266-C44A-42B6-BA3D-3FB229C9C417}"
EndProject
Project("{2150E333-8FDC-42A3-9474-1A3956D46DE8}") = "CSharpBinding", "CSharpBinding", "{B480BF1B-1DCD-4288-9212-F5BEDF763797}"
	ProjectSection(MonoDevelopProperties) = preProject
		BaseDirectory = src\addins\CSharpBinding
	EndProjectSection
EndProject
Project("{FAE04EC0-301F-11D3-BF4B-00C04F79EFBC}") = "CSharpBinding", "src\addins\CSharpBinding\CSharpBinding.csproj", "{07CC7654-27D6-421D-A64C-0FFA40456FA2}"
EndProject
Project("{FAE04EC0-301F-11D3-BF4B-00C04F79EFBC}") = "GnomePlatform", "src\addins\GnomePlatform\GnomePlatform.csproj", "{AE84B4A7-E6B1-4565-8904-16284DCE41B6}"
EndProject
Project("{FAE04EC0-301F-11D3-BF4B-00C04F79EFBC}") = "MonoDevelop.SourceEditor", "src\addins\MonoDevelop.SourceEditor2\MonoDevelop.SourceEditor.csproj", "{F8F92AA4-A376-4679-A9D4-60E7B7FBF477}"
EndProject
Project("{FAE04EC0-301F-11D3-BF4B-00C04F79EFBC}") = "MacPlatform", "src\addins\MacPlatform\MacPlatform.csproj", "{50D6768C-C072-4E79-AFC5-C1C40767EF45}"
EndProject
Project("{2150E333-8FDC-42A3-9474-1A3956D46DE8}") = "WindowsPlatform", "WindowsPlatform", "{4AE0B284-72F2-49C7-9B42-812EBE379FFB}"
	ProjectSection(MonoDevelopProperties) = preProject
		BaseDirectory = src\addins\WindowsPlatform
	EndProjectSection
EndProject
Project("{2150E333-8FDC-42A3-9474-1A3956D46DE8}") = "WindowsAPICodePack", "WindowsAPICodePack", "{DA5A3BAC-74C9-4EF9-B2FF-BFA4BF38F80F}"
	ProjectSection(MonoDevelopProperties) = preProject
		BaseDirectory = src\addins\WindowsPlatform\WindowsAPICodePack
	EndProjectSection
EndProject
Project("{FAE04EC0-301F-11D3-BF4B-00C04F79EFBC}") = "Core", "src\addins\WindowsPlatform\WindowsAPICodePack\Core\Core.csproj", "{2E1FB0DF-F9BB-4909-9F32-2D9D022A8E57}"
EndProject
Project("{FAE04EC0-301F-11D3-BF4B-00C04F79EFBC}") = "Shell", "src\addins\WindowsPlatform\WindowsAPICodePack\Shell\Shell.csproj", "{AA0C00CB-8699-4F37-BFAE-40CA87ACC06D}"
EndProject
Project("{FAE04EC0-301F-11D3-BF4B-00C04F79EFBC}") = "WindowsPlatform", "src\addins\WindowsPlatform\WindowsPlatform\WindowsPlatform.csproj", "{459868D2-54DC-415B-B1AB-BE39BDBD352F}"
EndProject
Project("{FAE04EC0-301F-11D3-BF4B-00C04F79EFBC}") = "Xwt", "external\xwt\Xwt\Xwt.csproj", "{92494904-35FA-4DC9-BDE9-3A3E87AC49D3}"
EndProject
Project("{FAE04EC0-301F-11D3-BF4B-00C04F79EFBC}") = "Xwt.Gtk", "external\xwt\Xwt.Gtk\Xwt.Gtk.csproj", "{C3887A93-B2BD-4097-8E2F-3A063EFF32FD}"
EndProject
Project("{FAE04EC0-301F-11D3-BF4B-00C04F79EFBC}") = "MonoDevelop.Ide.TypeSystem", "src\core\MonoDevelop.Ide.TypeSystem\MonoDevelop.Ide.TypeSystem.csproj", "{EF0FA8D7-B6CD-45B7-B47A-733911B2D5DC}"
EndProject
Project("{FAE04EC0-301F-11D3-BF4B-00C04F79EFBC}") = "MonoDevelop.Refactoring", "src\addins\MonoDevelop.Refactoring\MonoDevelop.Refactoring.csproj", "{100568FC-F4E8-439B-94AD-41D11724E45B}"
EndProject
Project("{FAE04EC0-301F-11D3-BF4B-00C04F79EFBC}") = "Xwt.Gtk.Windows", "external\xwt\Xwt.Gtk.Windows\Xwt.Gtk.Windows.csproj", "{252117CA-0ABB-4F36-BFC8-DE23A8089BB9}"
EndProject
Project("{FAE04EC0-301F-11D3-BF4B-00C04F79EFBC}") = "Xwt.WPF", "external\xwt\Xwt.WPF\Xwt.WPF.csproj", "{C93D746E-1586-4D4F-B411-BF5A966E6A08}"
EndProject
Project("{2150E333-8FDC-42A3-9474-1A3956D46DE8}") = "Test", "Test", "{57140F71-980E-4E17-8A4D-1B7635F1A6E0}"
EndProject
Project("{FAE04EC0-301F-11D3-BF4B-00C04F79EFBC}") = "TestMonoEditor", "src\test\TestMonoEditor\TestMonoEditor.csproj", "{2197D6DE-56DD-4E78-98D9-BB584DCE2715}"
EndProject
Global
	GlobalSection(SolutionConfigurationPlatforms) = preSolution
		Debug|Any CPU = Debug|Any CPU
		Debug|x86 = Debug|x86
		DebugGnome|Any CPU = DebugGnome|Any CPU
		DebugGnome|x86 = DebugGnome|x86
		DebugMac|Any CPU = DebugMac|Any CPU
		DebugMac|x86 = DebugMac|x86
		DebugWin32|Any CPU = DebugWin32|Any CPU
		DebugWin32|x86 = DebugWin32|x86
		Release|Any CPU = Release|Any CPU
		Release|x86 = Release|x86
		ReleaseGnome|Any CPU = ReleaseGnome|Any CPU
		ReleaseGnome|x86 = ReleaseGnome|x86
		ReleaseMac|Any CPU = ReleaseMac|Any CPU
		ReleaseMac|x86 = ReleaseMac|x86
		ReleaseWin32|Any CPU = ReleaseWin32|Any CPU
		ReleaseWin32|x86 = ReleaseWin32|x86
	EndGlobalSection
	GlobalSection(ProjectConfigurationPlatforms) = postSolution
		{7525BB88-6142-4A26-93B9-A30C6983390A}.Debug|Any CPU.ActiveCfg = Debug|Any CPU
		{7525BB88-6142-4A26-93B9-A30C6983390A}.Debug|Any CPU.Build.0 = Debug|Any CPU
		{7525BB88-6142-4A26-93B9-A30C6983390A}.Debug|x86.ActiveCfg = Debug|Any CPU
		{7525BB88-6142-4A26-93B9-A30C6983390A}.Debug|x86.Build.0 = Debug|Any CPU
		{7525BB88-6142-4A26-93B9-A30C6983390A}.DebugGnome|Any CPU.ActiveCfg = Debug|Any CPU
		{7525BB88-6142-4A26-93B9-A30C6983390A}.DebugGnome|Any CPU.Build.0 = Debug|Any CPU
		{7525BB88-6142-4A26-93B9-A30C6983390A}.DebugGnome|x86.ActiveCfg = DebugWin32|Any CPU
		{7525BB88-6142-4A26-93B9-A30C6983390A}.DebugGnome|x86.Build.0 = DebugWin32|Any CPU
		{7525BB88-6142-4A26-93B9-A30C6983390A}.DebugMac|Any CPU.ActiveCfg = Debug|Any CPU
		{7525BB88-6142-4A26-93B9-A30C6983390A}.DebugMac|Any CPU.Build.0 = Debug|Any CPU
		{7525BB88-6142-4A26-93B9-A30C6983390A}.DebugMac|x86.ActiveCfg = DebugWin32|Any CPU
		{7525BB88-6142-4A26-93B9-A30C6983390A}.DebugMac|x86.Build.0 = DebugWin32|Any CPU
		{7525BB88-6142-4A26-93B9-A30C6983390A}.DebugWin32|Any CPU.ActiveCfg = DebugWin32|Any CPU
		{7525BB88-6142-4A26-93B9-A30C6983390A}.DebugWin32|Any CPU.Build.0 = DebugWin32|Any CPU
		{7525BB88-6142-4A26-93B9-A30C6983390A}.DebugWin32|x86.ActiveCfg = DebugWin32|Any CPU
		{7525BB88-6142-4A26-93B9-A30C6983390A}.DebugWin32|x86.Build.0 = DebugWin32|Any CPU
		{7525BB88-6142-4A26-93B9-A30C6983390A}.Release|Any CPU.ActiveCfg = Release|Any CPU
		{7525BB88-6142-4A26-93B9-A30C6983390A}.Release|Any CPU.Build.0 = Release|Any CPU
		{7525BB88-6142-4A26-93B9-A30C6983390A}.Release|x86.ActiveCfg = Release|Any CPU
		{7525BB88-6142-4A26-93B9-A30C6983390A}.Release|x86.Build.0 = Release|Any CPU
		{7525BB88-6142-4A26-93B9-A30C6983390A}.ReleaseGnome|Any CPU.ActiveCfg = Release|Any CPU
		{7525BB88-6142-4A26-93B9-A30C6983390A}.ReleaseGnome|Any CPU.Build.0 = Release|Any CPU
		{7525BB88-6142-4A26-93B9-A30C6983390A}.ReleaseGnome|x86.ActiveCfg = Release|Any CPU
		{7525BB88-6142-4A26-93B9-A30C6983390A}.ReleaseGnome|x86.Build.0 = Release|Any CPU
		{7525BB88-6142-4A26-93B9-A30C6983390A}.ReleaseMac|Any CPU.ActiveCfg = Release|Any CPU
		{7525BB88-6142-4A26-93B9-A30C6983390A}.ReleaseMac|Any CPU.Build.0 = Release|Any CPU
		{7525BB88-6142-4A26-93B9-A30C6983390A}.ReleaseMac|x86.ActiveCfg = Release|Any CPU
		{7525BB88-6142-4A26-93B9-A30C6983390A}.ReleaseMac|x86.Build.0 = Release|Any CPU
		{7525BB88-6142-4A26-93B9-A30C6983390A}.ReleaseWin32|Any CPU.ActiveCfg = Release|Any CPU
		{7525BB88-6142-4A26-93B9-A30C6983390A}.ReleaseWin32|Any CPU.Build.0 = Release|Any CPU
		{7525BB88-6142-4A26-93B9-A30C6983390A}.ReleaseWin32|x86.ActiveCfg = Release|Any CPU
		{7525BB88-6142-4A26-93B9-A30C6983390A}.ReleaseWin32|x86.Build.0 = Release|Any CPU
		{27096E7F-C91C-4AC6-B289-6897A701DF21}.Debug|Any CPU.ActiveCfg = Debug|Any CPU
		{27096E7F-C91C-4AC6-B289-6897A701DF21}.Debug|Any CPU.Build.0 = Debug|Any CPU
		{27096E7F-C91C-4AC6-B289-6897A701DF21}.Debug|x86.ActiveCfg = Debug|Any CPU
		{27096E7F-C91C-4AC6-B289-6897A701DF21}.Debug|x86.Build.0 = Debug|Any CPU
		{27096E7F-C91C-4AC6-B289-6897A701DF21}.DebugGnome|Any CPU.ActiveCfg = Debug|Any CPU
		{27096E7F-C91C-4AC6-B289-6897A701DF21}.DebugGnome|Any CPU.Build.0 = Debug|Any CPU
		{27096E7F-C91C-4AC6-B289-6897A701DF21}.DebugGnome|x86.ActiveCfg = DebugWin32|Any CPU
		{27096E7F-C91C-4AC6-B289-6897A701DF21}.DebugGnome|x86.Build.0 = DebugWin32|Any CPU
		{27096E7F-C91C-4AC6-B289-6897A701DF21}.DebugMac|Any CPU.ActiveCfg = DebugMac|Any CPU
		{27096E7F-C91C-4AC6-B289-6897A701DF21}.DebugMac|Any CPU.Build.0 = DebugMac|Any CPU
		{27096E7F-C91C-4AC6-B289-6897A701DF21}.DebugMac|x86.ActiveCfg = DebugMac|Any CPU
		{27096E7F-C91C-4AC6-B289-6897A701DF21}.DebugMac|x86.Build.0 = DebugMac|Any CPU
		{27096E7F-C91C-4AC6-B289-6897A701DF21}.DebugWin32|Any CPU.ActiveCfg = DebugWin32|Any CPU
		{27096E7F-C91C-4AC6-B289-6897A701DF21}.DebugWin32|Any CPU.Build.0 = DebugWin32|Any CPU
		{27096E7F-C91C-4AC6-B289-6897A701DF21}.DebugWin32|x86.ActiveCfg = DebugWin32|Any CPU
		{27096E7F-C91C-4AC6-B289-6897A701DF21}.DebugWin32|x86.Build.0 = DebugWin32|Any CPU
		{27096E7F-C91C-4AC6-B289-6897A701DF21}.Release|Any CPU.ActiveCfg = Release|Any CPU
		{27096E7F-C91C-4AC6-B289-6897A701DF21}.Release|Any CPU.Build.0 = Release|Any CPU
		{27096E7F-C91C-4AC6-B289-6897A701DF21}.Release|x86.ActiveCfg = Release|Any CPU
		{27096E7F-C91C-4AC6-B289-6897A701DF21}.Release|x86.Build.0 = Release|Any CPU
		{27096E7F-C91C-4AC6-B289-6897A701DF21}.ReleaseGnome|Any CPU.ActiveCfg = Release|Any CPU
		{27096E7F-C91C-4AC6-B289-6897A701DF21}.ReleaseGnome|Any CPU.Build.0 = Release|Any CPU
		{27096E7F-C91C-4AC6-B289-6897A701DF21}.ReleaseGnome|x86.ActiveCfg = ReleaseWin32|Any CPU
		{27096E7F-C91C-4AC6-B289-6897A701DF21}.ReleaseGnome|x86.Build.0 = ReleaseWin32|Any CPU
		{27096E7F-C91C-4AC6-B289-6897A701DF21}.ReleaseMac|Any CPU.ActiveCfg = ReleaseMac|Any CPU
		{27096E7F-C91C-4AC6-B289-6897A701DF21}.ReleaseMac|Any CPU.Build.0 = ReleaseMac|Any CPU
		{27096E7F-C91C-4AC6-B289-6897A701DF21}.ReleaseMac|x86.ActiveCfg = ReleaseMac|Any CPU
		{27096E7F-C91C-4AC6-B289-6897A701DF21}.ReleaseMac|x86.Build.0 = ReleaseMac|Any CPU
		{27096E7F-C91C-4AC6-B289-6897A701DF21}.ReleaseWin32|Any CPU.ActiveCfg = ReleaseWin32|Any CPU
		{27096E7F-C91C-4AC6-B289-6897A701DF21}.ReleaseWin32|Any CPU.Build.0 = ReleaseWin32|Any CPU
		{27096E7F-C91C-4AC6-B289-6897A701DF21}.ReleaseWin32|x86.ActiveCfg = ReleaseWin32|Any CPU
		{27096E7F-C91C-4AC6-B289-6897A701DF21}.ReleaseWin32|x86.Build.0 = ReleaseWin32|Any CPU
		{A2329308-3751-4DBD-9A75-5F7B8B024625}.Debug|Any CPU.ActiveCfg = Debug|Any CPU
		{A2329308-3751-4DBD-9A75-5F7B8B024625}.Debug|Any CPU.Build.0 = Debug|Any CPU
		{A2329308-3751-4DBD-9A75-5F7B8B024625}.Debug|x86.ActiveCfg = Debug|Any CPU
		{A2329308-3751-4DBD-9A75-5F7B8B024625}.Debug|x86.Build.0 = Debug|Any CPU
		{A2329308-3751-4DBD-9A75-5F7B8B024625}.DebugGnome|Any CPU.ActiveCfg = Debug|Any CPU
		{A2329308-3751-4DBD-9A75-5F7B8B024625}.DebugGnome|Any CPU.Build.0 = Debug|Any CPU
		{A2329308-3751-4DBD-9A75-5F7B8B024625}.DebugGnome|x86.ActiveCfg = Debug|Any CPU
		{A2329308-3751-4DBD-9A75-5F7B8B024625}.DebugGnome|x86.Build.0 = Debug|Any CPU
		{A2329308-3751-4DBD-9A75-5F7B8B024625}.DebugMac|Any CPU.ActiveCfg = Debug|Any CPU
		{A2329308-3751-4DBD-9A75-5F7B8B024625}.DebugMac|Any CPU.Build.0 = Debug|Any CPU
		{A2329308-3751-4DBD-9A75-5F7B8B024625}.DebugMac|x86.ActiveCfg = Debug|Any CPU
		{A2329308-3751-4DBD-9A75-5F7B8B024625}.DebugMac|x86.Build.0 = Debug|Any CPU
		{A2329308-3751-4DBD-9A75-5F7B8B024625}.DebugWin32|Any CPU.ActiveCfg = Debug|Any CPU
		{A2329308-3751-4DBD-9A75-5F7B8B024625}.DebugWin32|Any CPU.Build.0 = Debug|Any CPU
		{A2329308-3751-4DBD-9A75-5F7B8B024625}.DebugWin32|x86.ActiveCfg = Debug|Any CPU
		{A2329308-3751-4DBD-9A75-5F7B8B024625}.DebugWin32|x86.Build.0 = Debug|Any CPU
		{A2329308-3751-4DBD-9A75-5F7B8B024625}.Release|Any CPU.ActiveCfg = Release|Any CPU
		{A2329308-3751-4DBD-9A75-5F7B8B024625}.Release|Any CPU.Build.0 = Release|Any CPU
		{A2329308-3751-4DBD-9A75-5F7B8B024625}.Release|x86.ActiveCfg = Release|Any CPU
		{A2329308-3751-4DBD-9A75-5F7B8B024625}.Release|x86.Build.0 = Release|Any CPU
		{A2329308-3751-4DBD-9A75-5F7B8B024625}.ReleaseGnome|Any CPU.ActiveCfg = Release|Any CPU
		{A2329308-3751-4DBD-9A75-5F7B8B024625}.ReleaseGnome|Any CPU.Build.0 = Release|Any CPU
		{A2329308-3751-4DBD-9A75-5F7B8B024625}.ReleaseGnome|x86.ActiveCfg = Release|Any CPU
		{A2329308-3751-4DBD-9A75-5F7B8B024625}.ReleaseGnome|x86.Build.0 = Release|Any CPU
		{A2329308-3751-4DBD-9A75-5F7B8B024625}.ReleaseMac|Any CPU.ActiveCfg = Release|Any CPU
		{A2329308-3751-4DBD-9A75-5F7B8B024625}.ReleaseMac|Any CPU.Build.0 = Release|Any CPU
		{A2329308-3751-4DBD-9A75-5F7B8B024625}.ReleaseMac|x86.ActiveCfg = Release|Any CPU
		{A2329308-3751-4DBD-9A75-5F7B8B024625}.ReleaseMac|x86.Build.0 = Release|Any CPU
		{A2329308-3751-4DBD-9A75-5F7B8B024625}.ReleaseWin32|Any CPU.ActiveCfg = Release|Any CPU
		{A2329308-3751-4DBD-9A75-5F7B8B024625}.ReleaseWin32|Any CPU.Build.0 = Release|Any CPU
		{A2329308-3751-4DBD-9A75-5F7B8B024625}.ReleaseWin32|x86.ActiveCfg = Release|Any CPU
		{A2329308-3751-4DBD-9A75-5F7B8B024625}.ReleaseWin32|x86.Build.0 = Release|Any CPU
		{961B9266-C44A-42B6-BA3D-3FB229C9C417}.Debug|Any CPU.ActiveCfg = Debug|Any CPU
		{961B9266-C44A-42B6-BA3D-3FB229C9C417}.Debug|Any CPU.Build.0 = Debug|Any CPU
		{961B9266-C44A-42B6-BA3D-3FB229C9C417}.Debug|x86.ActiveCfg = Debug|Any CPU
		{961B9266-C44A-42B6-BA3D-3FB229C9C417}.Debug|x86.Build.0 = Debug|Any CPU
		{961B9266-C44A-42B6-BA3D-3FB229C9C417}.DebugGnome|Any CPU.ActiveCfg = Debug|Any CPU
		{961B9266-C44A-42B6-BA3D-3FB229C9C417}.DebugGnome|Any CPU.Build.0 = Debug|Any CPU
		{961B9266-C44A-42B6-BA3D-3FB229C9C417}.DebugGnome|x86.ActiveCfg = Debug|Any CPU
		{961B9266-C44A-42B6-BA3D-3FB229C9C417}.DebugGnome|x86.Build.0 = Debug|Any CPU
		{961B9266-C44A-42B6-BA3D-3FB229C9C417}.DebugMac|Any CPU.ActiveCfg = Debug|Any CPU
		{961B9266-C44A-42B6-BA3D-3FB229C9C417}.DebugMac|Any CPU.Build.0 = Debug|Any CPU
		{961B9266-C44A-42B6-BA3D-3FB229C9C417}.DebugMac|x86.ActiveCfg = Debug|Any CPU
		{961B9266-C44A-42B6-BA3D-3FB229C9C417}.DebugMac|x86.Build.0 = Debug|Any CPU
		{961B9266-C44A-42B6-BA3D-3FB229C9C417}.DebugWin32|Any CPU.ActiveCfg = Debug|Any CPU
		{961B9266-C44A-42B6-BA3D-3FB229C9C417}.DebugWin32|Any CPU.Build.0 = Debug|Any CPU
		{961B9266-C44A-42B6-BA3D-3FB229C9C417}.DebugWin32|x86.ActiveCfg = Debug|Any CPU
		{961B9266-C44A-42B6-BA3D-3FB229C9C417}.DebugWin32|x86.Build.0 = Debug|Any CPU
		{961B9266-C44A-42B6-BA3D-3FB229C9C417}.Release|Any CPU.ActiveCfg = Release|Any CPU
		{961B9266-C44A-42B6-BA3D-3FB229C9C417}.Release|Any CPU.Build.0 = Release|Any CPU
		{961B9266-C44A-42B6-BA3D-3FB229C9C417}.Release|x86.ActiveCfg = Release|Any CPU
		{961B9266-C44A-42B6-BA3D-3FB229C9C417}.Release|x86.Build.0 = Release|Any CPU
		{961B9266-C44A-42B6-BA3D-3FB229C9C417}.ReleaseGnome|Any CPU.ActiveCfg = Release|Any CPU
		{961B9266-C44A-42B6-BA3D-3FB229C9C417}.ReleaseGnome|Any CPU.Build.0 = Release|Any CPU
		{961B9266-C44A-42B6-BA3D-3FB229C9C417}.ReleaseGnome|x86.ActiveCfg = Release|Any CPU
		{961B9266-C44A-42B6-BA3D-3FB229C9C417}.ReleaseGnome|x86.Build.0 = Release|Any CPU
		{961B9266-C44A-42B6-BA3D-3FB229C9C417}.ReleaseMac|Any CPU.ActiveCfg = Release|Any CPU
		{961B9266-C44A-42B6-BA3D-3FB229C9C417}.ReleaseMac|Any CPU.Build.0 = Release|Any CPU
		{961B9266-C44A-42B6-BA3D-3FB229C9C417}.ReleaseMac|x86.ActiveCfg = Release|Any CPU
		{961B9266-C44A-42B6-BA3D-3FB229C9C417}.ReleaseMac|x86.Build.0 = Release|Any CPU
		{961B9266-C44A-42B6-BA3D-3FB229C9C417}.ReleaseWin32|Any CPU.ActiveCfg = Release|Any CPU
		{961B9266-C44A-42B6-BA3D-3FB229C9C417}.ReleaseWin32|Any CPU.Build.0 = Release|Any CPU
		{961B9266-C44A-42B6-BA3D-3FB229C9C417}.ReleaseWin32|x86.ActiveCfg = Release|Any CPU
		{961B9266-C44A-42B6-BA3D-3FB229C9C417}.ReleaseWin32|x86.Build.0 = Release|Any CPU
		{07CC7654-27D6-421D-A64C-0FFA40456FA2}.Debug|Any CPU.ActiveCfg = Debug|Any CPU
		{07CC7654-27D6-421D-A64C-0FFA40456FA2}.Debug|Any CPU.Build.0 = Debug|Any CPU
		{07CC7654-27D6-421D-A64C-0FFA40456FA2}.Debug|x86.ActiveCfg = Debug|Any CPU
		{07CC7654-27D6-421D-A64C-0FFA40456FA2}.Debug|x86.Build.0 = Debug|Any CPU
		{07CC7654-27D6-421D-A64C-0FFA40456FA2}.DebugGnome|Any CPU.ActiveCfg = Debug|Any CPU
		{07CC7654-27D6-421D-A64C-0FFA40456FA2}.DebugGnome|Any CPU.Build.0 = Debug|Any CPU
		{07CC7654-27D6-421D-A64C-0FFA40456FA2}.DebugGnome|x86.ActiveCfg = Debug|Any CPU
		{07CC7654-27D6-421D-A64C-0FFA40456FA2}.DebugGnome|x86.Build.0 = Debug|Any CPU
		{07CC7654-27D6-421D-A64C-0FFA40456FA2}.DebugMac|Any CPU.ActiveCfg = Debug|Any CPU
		{07CC7654-27D6-421D-A64C-0FFA40456FA2}.DebugMac|Any CPU.Build.0 = Debug|Any CPU
		{07CC7654-27D6-421D-A64C-0FFA40456FA2}.DebugMac|x86.ActiveCfg = Debug|Any CPU
		{07CC7654-27D6-421D-A64C-0FFA40456FA2}.DebugMac|x86.Build.0 = Debug|Any CPU
		{07CC7654-27D6-421D-A64C-0FFA40456FA2}.DebugWin32|Any CPU.ActiveCfg = Debug|Any CPU
		{07CC7654-27D6-421D-A64C-0FFA40456FA2}.DebugWin32|Any CPU.Build.0 = Debug|Any CPU
		{07CC7654-27D6-421D-A64C-0FFA40456FA2}.DebugWin32|x86.ActiveCfg = Debug|Any CPU
		{07CC7654-27D6-421D-A64C-0FFA40456FA2}.DebugWin32|x86.Build.0 = Debug|Any CPU
		{07CC7654-27D6-421D-A64C-0FFA40456FA2}.Release|Any CPU.ActiveCfg = Release|Any CPU
		{07CC7654-27D6-421D-A64C-0FFA40456FA2}.Release|Any CPU.Build.0 = Release|Any CPU
		{07CC7654-27D6-421D-A64C-0FFA40456FA2}.Release|x86.ActiveCfg = Release|Any CPU
		{07CC7654-27D6-421D-A64C-0FFA40456FA2}.Release|x86.Build.0 = Release|Any CPU
		{07CC7654-27D6-421D-A64C-0FFA40456FA2}.ReleaseGnome|Any CPU.ActiveCfg = Release|Any CPU
		{07CC7654-27D6-421D-A64C-0FFA40456FA2}.ReleaseGnome|Any CPU.Build.0 = Release|Any CPU
		{07CC7654-27D6-421D-A64C-0FFA40456FA2}.ReleaseGnome|x86.ActiveCfg = Release|Any CPU
		{07CC7654-27D6-421D-A64C-0FFA40456FA2}.ReleaseGnome|x86.Build.0 = Release|Any CPU
		{07CC7654-27D6-421D-A64C-0FFA40456FA2}.ReleaseMac|Any CPU.ActiveCfg = Release|Any CPU
		{07CC7654-27D6-421D-A64C-0FFA40456FA2}.ReleaseMac|Any CPU.Build.0 = Release|Any CPU
		{07CC7654-27D6-421D-A64C-0FFA40456FA2}.ReleaseMac|x86.ActiveCfg = Release|Any CPU
		{07CC7654-27D6-421D-A64C-0FFA40456FA2}.ReleaseMac|x86.Build.0 = Release|Any CPU
		{07CC7654-27D6-421D-A64C-0FFA40456FA2}.ReleaseWin32|Any CPU.ActiveCfg = Release|Any CPU
		{07CC7654-27D6-421D-A64C-0FFA40456FA2}.ReleaseWin32|Any CPU.Build.0 = Release|Any CPU
		{07CC7654-27D6-421D-A64C-0FFA40456FA2}.ReleaseWin32|x86.ActiveCfg = Release|Any CPU
		{07CC7654-27D6-421D-A64C-0FFA40456FA2}.ReleaseWin32|x86.Build.0 = Release|Any CPU
		{AE84B4A7-E6B1-4565-8904-16284DCE41B6}.Debug|Any CPU.ActiveCfg = Debug|Any CPU
		{AE84B4A7-E6B1-4565-8904-16284DCE41B6}.Debug|Any CPU.Build.0 = Debug|Any CPU
		{AE84B4A7-E6B1-4565-8904-16284DCE41B6}.Debug|x86.ActiveCfg = Debug|Any CPU
		{AE84B4A7-E6B1-4565-8904-16284DCE41B6}.Debug|x86.Build.0 = Debug|Any CPU
		{AE84B4A7-E6B1-4565-8904-16284DCE41B6}.DebugGnome|Any CPU.ActiveCfg = Debug|Any CPU
		{AE84B4A7-E6B1-4565-8904-16284DCE41B6}.DebugGnome|Any CPU.Build.0 = Debug|Any CPU
		{AE84B4A7-E6B1-4565-8904-16284DCE41B6}.DebugGnome|x86.ActiveCfg = Debug|Any CPU
		{AE84B4A7-E6B1-4565-8904-16284DCE41B6}.DebugGnome|x86.Build.0 = Debug|Any CPU
		{AE84B4A7-E6B1-4565-8904-16284DCE41B6}.DebugMac|Any CPU.ActiveCfg = Debug|Any CPU
		{AE84B4A7-E6B1-4565-8904-16284DCE41B6}.DebugMac|x86.ActiveCfg = Debug|Any CPU
		{AE84B4A7-E6B1-4565-8904-16284DCE41B6}.DebugMac|x86.Build.0 = Debug|Any CPU
		{AE84B4A7-E6B1-4565-8904-16284DCE41B6}.DebugWin32|Any CPU.ActiveCfg = Debug|Any CPU
		{AE84B4A7-E6B1-4565-8904-16284DCE41B6}.DebugWin32|x86.ActiveCfg = Debug|Any CPU
		{AE84B4A7-E6B1-4565-8904-16284DCE41B6}.DebugWin32|x86.Build.0 = Debug|Any CPU
		{AE84B4A7-E6B1-4565-8904-16284DCE41B6}.Release|Any CPU.ActiveCfg = Release|Any CPU
		{AE84B4A7-E6B1-4565-8904-16284DCE41B6}.Release|x86.ActiveCfg = Release|Any CPU
		{AE84B4A7-E6B1-4565-8904-16284DCE41B6}.Release|x86.Build.0 = Release|Any CPU
		{AE84B4A7-E6B1-4565-8904-16284DCE41B6}.ReleaseGnome|Any CPU.ActiveCfg = Release|Any CPU
		{AE84B4A7-E6B1-4565-8904-16284DCE41B6}.ReleaseGnome|Any CPU.Build.0 = Release|Any CPU
		{AE84B4A7-E6B1-4565-8904-16284DCE41B6}.ReleaseGnome|x86.ActiveCfg = Release|Any CPU
		{AE84B4A7-E6B1-4565-8904-16284DCE41B6}.ReleaseGnome|x86.Build.0 = Release|Any CPU
		{AE84B4A7-E6B1-4565-8904-16284DCE41B6}.ReleaseMac|Any CPU.ActiveCfg = Release|Any CPU
		{AE84B4A7-E6B1-4565-8904-16284DCE41B6}.ReleaseMac|x86.ActiveCfg = Release|Any CPU
		{AE84B4A7-E6B1-4565-8904-16284DCE41B6}.ReleaseMac|x86.Build.0 = Release|Any CPU
		{AE84B4A7-E6B1-4565-8904-16284DCE41B6}.ReleaseWin32|Any CPU.ActiveCfg = Release|Any CPU
		{AE84B4A7-E6B1-4565-8904-16284DCE41B6}.ReleaseWin32|x86.ActiveCfg = Release|Any CPU
		{AE84B4A7-E6B1-4565-8904-16284DCE41B6}.ReleaseWin32|x86.Build.0 = Release|Any CPU
		{F8F92AA4-A376-4679-A9D4-60E7B7FBF477}.Debug|Any CPU.ActiveCfg = Debug|Any CPU
		{F8F92AA4-A376-4679-A9D4-60E7B7FBF477}.Debug|Any CPU.Build.0 = Debug|Any CPU
		{F8F92AA4-A376-4679-A9D4-60E7B7FBF477}.Debug|x86.ActiveCfg = Debug|Any CPU
		{F8F92AA4-A376-4679-A9D4-60E7B7FBF477}.Debug|x86.Build.0 = Debug|Any CPU
		{F8F92AA4-A376-4679-A9D4-60E7B7FBF477}.DebugGnome|Any CPU.ActiveCfg = Debug|Any CPU
		{F8F92AA4-A376-4679-A9D4-60E7B7FBF477}.DebugGnome|Any CPU.Build.0 = Debug|Any CPU
		{F8F92AA4-A376-4679-A9D4-60E7B7FBF477}.DebugGnome|x86.ActiveCfg = Debug|Any CPU
		{F8F92AA4-A376-4679-A9D4-60E7B7FBF477}.DebugGnome|x86.Build.0 = Debug|Any CPU
		{F8F92AA4-A376-4679-A9D4-60E7B7FBF477}.DebugMac|Any CPU.ActiveCfg = Debug|Any CPU
		{F8F92AA4-A376-4679-A9D4-60E7B7FBF477}.DebugMac|Any CPU.Build.0 = Debug|Any CPU
		{F8F92AA4-A376-4679-A9D4-60E7B7FBF477}.DebugMac|x86.ActiveCfg = Debug|Any CPU
		{F8F92AA4-A376-4679-A9D4-60E7B7FBF477}.DebugMac|x86.Build.0 = Debug|Any CPU
		{F8F92AA4-A376-4679-A9D4-60E7B7FBF477}.DebugWin32|Any CPU.ActiveCfg = Debug|Any CPU
		{F8F92AA4-A376-4679-A9D4-60E7B7FBF477}.DebugWin32|Any CPU.Build.0 = Debug|Any CPU
		{F8F92AA4-A376-4679-A9D4-60E7B7FBF477}.DebugWin32|x86.ActiveCfg = Debug|Any CPU
		{F8F92AA4-A376-4679-A9D4-60E7B7FBF477}.DebugWin32|x86.Build.0 = Debug|Any CPU
		{F8F92AA4-A376-4679-A9D4-60E7B7FBF477}.Release|Any CPU.ActiveCfg = Release|Any CPU
		{F8F92AA4-A376-4679-A9D4-60E7B7FBF477}.Release|Any CPU.Build.0 = Release|Any CPU
		{F8F92AA4-A376-4679-A9D4-60E7B7FBF477}.Release|x86.ActiveCfg = Release|Any CPU
		{F8F92AA4-A376-4679-A9D4-60E7B7FBF477}.Release|x86.Build.0 = Release|Any CPU
		{F8F92AA4-A376-4679-A9D4-60E7B7FBF477}.ReleaseGnome|Any CPU.ActiveCfg = Release|Any CPU
		{F8F92AA4-A376-4679-A9D4-60E7B7FBF477}.ReleaseGnome|Any CPU.Build.0 = Release|Any CPU
		{F8F92AA4-A376-4679-A9D4-60E7B7FBF477}.ReleaseGnome|x86.ActiveCfg = Release|Any CPU
		{F8F92AA4-A376-4679-A9D4-60E7B7FBF477}.ReleaseGnome|x86.Build.0 = Release|Any CPU
		{F8F92AA4-A376-4679-A9D4-60E7B7FBF477}.ReleaseMac|Any CPU.ActiveCfg = Release|Any CPU
		{F8F92AA4-A376-4679-A9D4-60E7B7FBF477}.ReleaseMac|Any CPU.Build.0 = Release|Any CPU
		{F8F92AA4-A376-4679-A9D4-60E7B7FBF477}.ReleaseMac|x86.ActiveCfg = Release|Any CPU
		{F8F92AA4-A376-4679-A9D4-60E7B7FBF477}.ReleaseMac|x86.Build.0 = Release|Any CPU
		{F8F92AA4-A376-4679-A9D4-60E7B7FBF477}.ReleaseWin32|Any CPU.ActiveCfg = Release|Any CPU
		{F8F92AA4-A376-4679-A9D4-60E7B7FBF477}.ReleaseWin32|Any CPU.Build.0 = Release|Any CPU
		{F8F92AA4-A376-4679-A9D4-60E7B7FBF477}.ReleaseWin32|x86.ActiveCfg = Release|Any CPU
		{F8F92AA4-A376-4679-A9D4-60E7B7FBF477}.ReleaseWin32|x86.Build.0 = Release|Any CPU
		{50D6768C-C072-4E79-AFC5-C1C40767EF45}.Debug|Any CPU.ActiveCfg = Debug|Any CPU
		{50D6768C-C072-4E79-AFC5-C1C40767EF45}.Debug|x86.ActiveCfg = Debug|Any CPU
		{50D6768C-C072-4E79-AFC5-C1C40767EF45}.Debug|x86.Build.0 = Debug|Any CPU
		{50D6768C-C072-4E79-AFC5-C1C40767EF45}.DebugGnome|Any CPU.ActiveCfg = Debug|Any CPU
		{50D6768C-C072-4E79-AFC5-C1C40767EF45}.DebugGnome|x86.ActiveCfg = Debug|Any CPU
		{50D6768C-C072-4E79-AFC5-C1C40767EF45}.DebugGnome|x86.Build.0 = Debug|Any CPU
		{50D6768C-C072-4E79-AFC5-C1C40767EF45}.DebugMac|Any CPU.ActiveCfg = Debug|Any CPU
		{50D6768C-C072-4E79-AFC5-C1C40767EF45}.DebugMac|Any CPU.Build.0 = Debug|Any CPU
		{50D6768C-C072-4E79-AFC5-C1C40767EF45}.DebugMac|x86.ActiveCfg = Debug|Any CPU
		{50D6768C-C072-4E79-AFC5-C1C40767EF45}.DebugMac|x86.Build.0 = Debug|Any CPU
		{50D6768C-C072-4E79-AFC5-C1C40767EF45}.DebugWin32|Any CPU.ActiveCfg = Debug|Any CPU
		{50D6768C-C072-4E79-AFC5-C1C40767EF45}.DebugWin32|x86.ActiveCfg = Debug|Any CPU
		{50D6768C-C072-4E79-AFC5-C1C40767EF45}.DebugWin32|x86.Build.0 = Debug|Any CPU
		{50D6768C-C072-4E79-AFC5-C1C40767EF45}.Release|Any CPU.ActiveCfg = Release|Any CPU
		{50D6768C-C072-4E79-AFC5-C1C40767EF45}.Release|x86.ActiveCfg = Release|Any CPU
		{50D6768C-C072-4E79-AFC5-C1C40767EF45}.Release|x86.Build.0 = Release|Any CPU
		{50D6768C-C072-4E79-AFC5-C1C40767EF45}.ReleaseGnome|Any CPU.ActiveCfg = Release|Any CPU
		{50D6768C-C072-4E79-AFC5-C1C40767EF45}.ReleaseGnome|x86.ActiveCfg = Release|Any CPU
		{50D6768C-C072-4E79-AFC5-C1C40767EF45}.ReleaseGnome|x86.Build.0 = Release|Any CPU
		{50D6768C-C072-4E79-AFC5-C1C40767EF45}.ReleaseMac|Any CPU.ActiveCfg = Release|Any CPU
		{50D6768C-C072-4E79-AFC5-C1C40767EF45}.ReleaseMac|Any CPU.Build.0 = Release|Any CPU
		{50D6768C-C072-4E79-AFC5-C1C40767EF45}.ReleaseMac|x86.ActiveCfg = Release|Any CPU
		{50D6768C-C072-4E79-AFC5-C1C40767EF45}.ReleaseMac|x86.Build.0 = Release|Any CPU
		{50D6768C-C072-4E79-AFC5-C1C40767EF45}.ReleaseWin32|Any CPU.ActiveCfg = Release|Any CPU
		{50D6768C-C072-4E79-AFC5-C1C40767EF45}.ReleaseWin32|x86.ActiveCfg = Release|Any CPU
		{50D6768C-C072-4E79-AFC5-C1C40767EF45}.ReleaseWin32|x86.Build.0 = Release|Any CPU
		{2E1FB0DF-F9BB-4909-9F32-2D9D022A8E57}.Debug|Any CPU.ActiveCfg = Debug|Any CPU
		{2E1FB0DF-F9BB-4909-9F32-2D9D022A8E57}.Debug|x86.ActiveCfg = Debug|Any CPU
		{2E1FB0DF-F9BB-4909-9F32-2D9D022A8E57}.Debug|x86.Build.0 = Debug|Any CPU
		{2E1FB0DF-F9BB-4909-9F32-2D9D022A8E57}.DebugGnome|Any CPU.ActiveCfg = Debug|Any CPU
		{2E1FB0DF-F9BB-4909-9F32-2D9D022A8E57}.DebugGnome|x86.ActiveCfg = Debug|Any CPU
		{2E1FB0DF-F9BB-4909-9F32-2D9D022A8E57}.DebugGnome|x86.Build.0 = Debug|Any CPU
		{2E1FB0DF-F9BB-4909-9F32-2D9D022A8E57}.DebugMac|Any CPU.ActiveCfg = Debug|Any CPU
		{2E1FB0DF-F9BB-4909-9F32-2D9D022A8E57}.DebugMac|x86.ActiveCfg = Debug|Any CPU
		{2E1FB0DF-F9BB-4909-9F32-2D9D022A8E57}.DebugMac|x86.Build.0 = Debug|Any CPU
		{2E1FB0DF-F9BB-4909-9F32-2D9D022A8E57}.DebugWin32|Any CPU.ActiveCfg = Debug|Any CPU
		{2E1FB0DF-F9BB-4909-9F32-2D9D022A8E57}.DebugWin32|Any CPU.Build.0 = Debug|Any CPU
		{2E1FB0DF-F9BB-4909-9F32-2D9D022A8E57}.DebugWin32|x86.ActiveCfg = Debug|Any CPU
		{2E1FB0DF-F9BB-4909-9F32-2D9D022A8E57}.DebugWin32|x86.Build.0 = Debug|Any CPU
		{2E1FB0DF-F9BB-4909-9F32-2D9D022A8E57}.Release|Any CPU.ActiveCfg = Release|Any CPU
		{2E1FB0DF-F9BB-4909-9F32-2D9D022A8E57}.Release|x86.ActiveCfg = Release|Any CPU
		{2E1FB0DF-F9BB-4909-9F32-2D9D022A8E57}.Release|x86.Build.0 = Release|Any CPU
		{2E1FB0DF-F9BB-4909-9F32-2D9D022A8E57}.ReleaseGnome|Any CPU.ActiveCfg = Release|Any CPU
		{2E1FB0DF-F9BB-4909-9F32-2D9D022A8E57}.ReleaseGnome|x86.ActiveCfg = Release|Any CPU
		{2E1FB0DF-F9BB-4909-9F32-2D9D022A8E57}.ReleaseGnome|x86.Build.0 = Release|Any CPU
		{2E1FB0DF-F9BB-4909-9F32-2D9D022A8E57}.ReleaseMac|Any CPU.ActiveCfg = Release|Any CPU
		{2E1FB0DF-F9BB-4909-9F32-2D9D022A8E57}.ReleaseMac|x86.ActiveCfg = Release|Any CPU
		{2E1FB0DF-F9BB-4909-9F32-2D9D022A8E57}.ReleaseMac|x86.Build.0 = Release|Any CPU
		{2E1FB0DF-F9BB-4909-9F32-2D9D022A8E57}.ReleaseWin32|Any CPU.ActiveCfg = Release|Any CPU
		{2E1FB0DF-F9BB-4909-9F32-2D9D022A8E57}.ReleaseWin32|Any CPU.Build.0 = Release|Any CPU
		{2E1FB0DF-F9BB-4909-9F32-2D9D022A8E57}.ReleaseWin32|x86.ActiveCfg = Release|Any CPU
		{2E1FB0DF-F9BB-4909-9F32-2D9D022A8E57}.ReleaseWin32|x86.Build.0 = Release|Any CPU
		{AA0C00CB-8699-4F37-BFAE-40CA87ACC06D}.Debug|Any CPU.ActiveCfg = Debug|Any CPU
		{AA0C00CB-8699-4F37-BFAE-40CA87ACC06D}.Debug|x86.ActiveCfg = Debug|Any CPU
		{AA0C00CB-8699-4F37-BFAE-40CA87ACC06D}.Debug|x86.Build.0 = Debug|Any CPU
		{AA0C00CB-8699-4F37-BFAE-40CA87ACC06D}.DebugGnome|Any CPU.ActiveCfg = Debug|Any CPU
		{AA0C00CB-8699-4F37-BFAE-40CA87ACC06D}.DebugGnome|x86.ActiveCfg = Debug|Any CPU
		{AA0C00CB-8699-4F37-BFAE-40CA87ACC06D}.DebugGnome|x86.Build.0 = Debug|Any CPU
		{AA0C00CB-8699-4F37-BFAE-40CA87ACC06D}.DebugMac|Any CPU.ActiveCfg = Debug|Any CPU
		{AA0C00CB-8699-4F37-BFAE-40CA87ACC06D}.DebugMac|x86.ActiveCfg = Debug|Any CPU
		{AA0C00CB-8699-4F37-BFAE-40CA87ACC06D}.DebugMac|x86.Build.0 = Debug|Any CPU
		{AA0C00CB-8699-4F37-BFAE-40CA87ACC06D}.DebugWin32|Any CPU.ActiveCfg = Debug|Any CPU
		{AA0C00CB-8699-4F37-BFAE-40CA87ACC06D}.DebugWin32|Any CPU.Build.0 = Debug|Any CPU
		{AA0C00CB-8699-4F37-BFAE-40CA87ACC06D}.DebugWin32|x86.ActiveCfg = Debug|Any CPU
		{AA0C00CB-8699-4F37-BFAE-40CA87ACC06D}.DebugWin32|x86.Build.0 = Debug|Any CPU
		{AA0C00CB-8699-4F37-BFAE-40CA87ACC06D}.Release|Any CPU.ActiveCfg = Release|Any CPU
		{AA0C00CB-8699-4F37-BFAE-40CA87ACC06D}.Release|x86.ActiveCfg = Release|Any CPU
		{AA0C00CB-8699-4F37-BFAE-40CA87ACC06D}.Release|x86.Build.0 = Release|Any CPU
		{AA0C00CB-8699-4F37-BFAE-40CA87ACC06D}.ReleaseGnome|Any CPU.ActiveCfg = Release|Any CPU
		{AA0C00CB-8699-4F37-BFAE-40CA87ACC06D}.ReleaseGnome|x86.ActiveCfg = Release|Any CPU
		{AA0C00CB-8699-4F37-BFAE-40CA87ACC06D}.ReleaseGnome|x86.Build.0 = Release|Any CPU
		{AA0C00CB-8699-4F37-BFAE-40CA87ACC06D}.ReleaseMac|Any CPU.ActiveCfg = Release|Any CPU
		{AA0C00CB-8699-4F37-BFAE-40CA87ACC06D}.ReleaseMac|x86.ActiveCfg = Release|Any CPU
		{AA0C00CB-8699-4F37-BFAE-40CA87ACC06D}.ReleaseMac|x86.Build.0 = Release|Any CPU
		{AA0C00CB-8699-4F37-BFAE-40CA87ACC06D}.ReleaseWin32|Any CPU.ActiveCfg = Release|Any CPU
		{AA0C00CB-8699-4F37-BFAE-40CA87ACC06D}.ReleaseWin32|Any CPU.Build.0 = Release|Any CPU
		{AA0C00CB-8699-4F37-BFAE-40CA87ACC06D}.ReleaseWin32|x86.ActiveCfg = Release|Any CPU
		{AA0C00CB-8699-4F37-BFAE-40CA87ACC06D}.ReleaseWin32|x86.Build.0 = Release|Any CPU
		{459868D2-54DC-415B-B1AB-BE39BDBD352F}.Debug|Any CPU.ActiveCfg = Debug|Any CPU
		{459868D2-54DC-415B-B1AB-BE39BDBD352F}.Debug|x86.ActiveCfg = Debug|Any CPU
		{459868D2-54DC-415B-B1AB-BE39BDBD352F}.Debug|x86.Build.0 = Debug|Any CPU
		{459868D2-54DC-415B-B1AB-BE39BDBD352F}.DebugGnome|Any CPU.ActiveCfg = Debug|Any CPU
		{459868D2-54DC-415B-B1AB-BE39BDBD352F}.DebugGnome|x86.ActiveCfg = Debug|Any CPU
		{459868D2-54DC-415B-B1AB-BE39BDBD352F}.DebugGnome|x86.Build.0 = Debug|Any CPU
		{459868D2-54DC-415B-B1AB-BE39BDBD352F}.DebugMac|Any CPU.ActiveCfg = Debug|Any CPU
		{459868D2-54DC-415B-B1AB-BE39BDBD352F}.DebugMac|x86.ActiveCfg = Debug|Any CPU
		{459868D2-54DC-415B-B1AB-BE39BDBD352F}.DebugMac|x86.Build.0 = Debug|Any CPU
		{459868D2-54DC-415B-B1AB-BE39BDBD352F}.DebugWin32|Any CPU.ActiveCfg = Debug|Any CPU
		{459868D2-54DC-415B-B1AB-BE39BDBD352F}.DebugWin32|Any CPU.Build.0 = Debug|Any CPU
		{459868D2-54DC-415B-B1AB-BE39BDBD352F}.DebugWin32|x86.ActiveCfg = Debug|Any CPU
		{459868D2-54DC-415B-B1AB-BE39BDBD352F}.DebugWin32|x86.Build.0 = Debug|Any CPU
		{459868D2-54DC-415B-B1AB-BE39BDBD352F}.Release|Any CPU.ActiveCfg = Release|Any CPU
		{459868D2-54DC-415B-B1AB-BE39BDBD352F}.Release|x86.ActiveCfg = Release|Any CPU
		{459868D2-54DC-415B-B1AB-BE39BDBD352F}.Release|x86.Build.0 = Release|Any CPU
		{459868D2-54DC-415B-B1AB-BE39BDBD352F}.ReleaseGnome|Any CPU.ActiveCfg = Release|Any CPU
		{459868D2-54DC-415B-B1AB-BE39BDBD352F}.ReleaseGnome|x86.ActiveCfg = Release|Any CPU
		{459868D2-54DC-415B-B1AB-BE39BDBD352F}.ReleaseGnome|x86.Build.0 = Release|Any CPU
		{459868D2-54DC-415B-B1AB-BE39BDBD352F}.ReleaseMac|Any CPU.ActiveCfg = Release|Any CPU
		{459868D2-54DC-415B-B1AB-BE39BDBD352F}.ReleaseMac|x86.ActiveCfg = Release|Any CPU
		{459868D2-54DC-415B-B1AB-BE39BDBD352F}.ReleaseMac|x86.Build.0 = Release|Any CPU
		{459868D2-54DC-415B-B1AB-BE39BDBD352F}.ReleaseWin32|Any CPU.ActiveCfg = Release|Any CPU
		{459868D2-54DC-415B-B1AB-BE39BDBD352F}.ReleaseWin32|Any CPU.Build.0 = Release|Any CPU
		{459868D2-54DC-415B-B1AB-BE39BDBD352F}.ReleaseWin32|x86.ActiveCfg = Release|Any CPU
		{459868D2-54DC-415B-B1AB-BE39BDBD352F}.ReleaseWin32|x86.Build.0 = Release|Any CPU
		{92494904-35FA-4DC9-BDE9-3A3E87AC49D3}.Debug|Any CPU.ActiveCfg = Debug|Any CPU
		{92494904-35FA-4DC9-BDE9-3A3E87AC49D3}.Debug|Any CPU.Build.0 = Debug|Any CPU
		{92494904-35FA-4DC9-BDE9-3A3E87AC49D3}.Debug|x86.ActiveCfg = Debug|Any CPU
		{92494904-35FA-4DC9-BDE9-3A3E87AC49D3}.Debug|x86.Build.0 = Debug|Any CPU
		{92494904-35FA-4DC9-BDE9-3A3E87AC49D3}.DebugGnome|Any CPU.ActiveCfg = Debug|Any CPU
		{92494904-35FA-4DC9-BDE9-3A3E87AC49D3}.DebugGnome|Any CPU.Build.0 = Debug|Any CPU
		{92494904-35FA-4DC9-BDE9-3A3E87AC49D3}.DebugGnome|x86.ActiveCfg = Debug|Any CPU
		{92494904-35FA-4DC9-BDE9-3A3E87AC49D3}.DebugGnome|x86.Build.0 = Debug|Any CPU
		{92494904-35FA-4DC9-BDE9-3A3E87AC49D3}.DebugMac|Any CPU.ActiveCfg = Debug|Any CPU
		{92494904-35FA-4DC9-BDE9-3A3E87AC49D3}.DebugMac|Any CPU.Build.0 = Debug|Any CPU
		{92494904-35FA-4DC9-BDE9-3A3E87AC49D3}.DebugMac|x86.ActiveCfg = Debug|Any CPU
		{92494904-35FA-4DC9-BDE9-3A3E87AC49D3}.DebugMac|x86.Build.0 = Debug|Any CPU
		{92494904-35FA-4DC9-BDE9-3A3E87AC49D3}.DebugWin32|Any CPU.ActiveCfg = Debug|Any CPU
		{92494904-35FA-4DC9-BDE9-3A3E87AC49D3}.DebugWin32|Any CPU.Build.0 = Debug|Any CPU
		{92494904-35FA-4DC9-BDE9-3A3E87AC49D3}.DebugWin32|x86.ActiveCfg = Debug|Any CPU
		{92494904-35FA-4DC9-BDE9-3A3E87AC49D3}.DebugWin32|x86.Build.0 = Debug|Any CPU
		{92494904-35FA-4DC9-BDE9-3A3E87AC49D3}.Release|Any CPU.ActiveCfg = Release|Any CPU
		{92494904-35FA-4DC9-BDE9-3A3E87AC49D3}.Release|Any CPU.Build.0 = Release|Any CPU
		{92494904-35FA-4DC9-BDE9-3A3E87AC49D3}.Release|x86.ActiveCfg = Release|Any CPU
		{92494904-35FA-4DC9-BDE9-3A3E87AC49D3}.Release|x86.Build.0 = Release|Any CPU
		{92494904-35FA-4DC9-BDE9-3A3E87AC49D3}.ReleaseGnome|Any CPU.ActiveCfg = Release|Any CPU
		{92494904-35FA-4DC9-BDE9-3A3E87AC49D3}.ReleaseGnome|Any CPU.Build.0 = Release|Any CPU
		{92494904-35FA-4DC9-BDE9-3A3E87AC49D3}.ReleaseGnome|x86.ActiveCfg = Release|Any CPU
		{92494904-35FA-4DC9-BDE9-3A3E87AC49D3}.ReleaseGnome|x86.Build.0 = Release|Any CPU
		{92494904-35FA-4DC9-BDE9-3A3E87AC49D3}.ReleaseMac|Any CPU.ActiveCfg = Release|Any CPU
		{92494904-35FA-4DC9-BDE9-3A3E87AC49D3}.ReleaseMac|Any CPU.Build.0 = Release|Any CPU
		{92494904-35FA-4DC9-BDE9-3A3E87AC49D3}.ReleaseMac|x86.ActiveCfg = Release|Any CPU
		{92494904-35FA-4DC9-BDE9-3A3E87AC49D3}.ReleaseMac|x86.Build.0 = Release|Any CPU
		{92494904-35FA-4DC9-BDE9-3A3E87AC49D3}.ReleaseWin32|Any CPU.ActiveCfg = Release|Any CPU
		{92494904-35FA-4DC9-BDE9-3A3E87AC49D3}.ReleaseWin32|Any CPU.Build.0 = Release|Any CPU
		{92494904-35FA-4DC9-BDE9-3A3E87AC49D3}.ReleaseWin32|x86.ActiveCfg = Release|Any CPU
		{92494904-35FA-4DC9-BDE9-3A3E87AC49D3}.ReleaseWin32|x86.Build.0 = Release|Any CPU
		{C3887A93-B2BD-4097-8E2F-3A063EFF32FD}.Debug|Any CPU.ActiveCfg = Debug|Any CPU
		{C3887A93-B2BD-4097-8E2F-3A063EFF32FD}.Debug|Any CPU.Build.0 = Debug|Any CPU
		{C3887A93-B2BD-4097-8E2F-3A063EFF32FD}.Debug|x86.ActiveCfg = Debug|Any CPU
		{C3887A93-B2BD-4097-8E2F-3A063EFF32FD}.Debug|x86.Build.0 = Debug|Any CPU
		{C3887A93-B2BD-4097-8E2F-3A063EFF32FD}.DebugGnome|Any CPU.ActiveCfg = Debug|Any CPU
		{C3887A93-B2BD-4097-8E2F-3A063EFF32FD}.DebugGnome|Any CPU.Build.0 = Debug|Any CPU
		{C3887A93-B2BD-4097-8E2F-3A063EFF32FD}.DebugGnome|x86.ActiveCfg = Debug|Any CPU
		{C3887A93-B2BD-4097-8E2F-3A063EFF32FD}.DebugGnome|x86.Build.0 = Debug|Any CPU
		{C3887A93-B2BD-4097-8E2F-3A063EFF32FD}.DebugMac|Any CPU.ActiveCfg = Debug|Any CPU
		{C3887A93-B2BD-4097-8E2F-3A063EFF32FD}.DebugMac|Any CPU.Build.0 = Debug|Any CPU
		{C3887A93-B2BD-4097-8E2F-3A063EFF32FD}.DebugMac|x86.ActiveCfg = Debug|Any CPU
		{C3887A93-B2BD-4097-8E2F-3A063EFF32FD}.DebugMac|x86.Build.0 = Debug|Any CPU
		{C3887A93-B2BD-4097-8E2F-3A063EFF32FD}.DebugWin32|Any CPU.ActiveCfg = Debug|Any CPU
		{C3887A93-B2BD-4097-8E2F-3A063EFF32FD}.DebugWin32|Any CPU.Build.0 = Debug|Any CPU
		{C3887A93-B2BD-4097-8E2F-3A063EFF32FD}.DebugWin32|x86.ActiveCfg = Debug|Any CPU
		{C3887A93-B2BD-4097-8E2F-3A063EFF32FD}.DebugWin32|x86.Build.0 = Debug|Any CPU
		{C3887A93-B2BD-4097-8E2F-3A063EFF32FD}.Release|Any CPU.ActiveCfg = Release|Any CPU
		{C3887A93-B2BD-4097-8E2F-3A063EFF32FD}.Release|Any CPU.Build.0 = Release|Any CPU
		{C3887A93-B2BD-4097-8E2F-3A063EFF32FD}.Release|x86.ActiveCfg = Release|Any CPU
		{C3887A93-B2BD-4097-8E2F-3A063EFF32FD}.Release|x86.Build.0 = Release|Any CPU
		{C3887A93-B2BD-4097-8E2F-3A063EFF32FD}.ReleaseGnome|Any CPU.ActiveCfg = Release|Any CPU
		{C3887A93-B2BD-4097-8E2F-3A063EFF32FD}.ReleaseGnome|Any CPU.Build.0 = Release|Any CPU
		{C3887A93-B2BD-4097-8E2F-3A063EFF32FD}.ReleaseGnome|x86.ActiveCfg = Release|Any CPU
		{C3887A93-B2BD-4097-8E2F-3A063EFF32FD}.ReleaseGnome|x86.Build.0 = Release|Any CPU
		{C3887A93-B2BD-4097-8E2F-3A063EFF32FD}.ReleaseMac|Any CPU.ActiveCfg = Release|Any CPU
		{C3887A93-B2BD-4097-8E2F-3A063EFF32FD}.ReleaseMac|Any CPU.Build.0 = Release|Any CPU
		{C3887A93-B2BD-4097-8E2F-3A063EFF32FD}.ReleaseMac|x86.ActiveCfg = Release|Any CPU
		{C3887A93-B2BD-4097-8E2F-3A063EFF32FD}.ReleaseMac|x86.Build.0 = Release|Any CPU
		{C3887A93-B2BD-4097-8E2F-3A063EFF32FD}.ReleaseWin32|Any CPU.ActiveCfg = Release|Any CPU
		{C3887A93-B2BD-4097-8E2F-3A063EFF32FD}.ReleaseWin32|Any CPU.Build.0 = Release|Any CPU
		{C3887A93-B2BD-4097-8E2F-3A063EFF32FD}.ReleaseWin32|x86.ActiveCfg = Release|Any CPU
		{C3887A93-B2BD-4097-8E2F-3A063EFF32FD}.ReleaseWin32|x86.Build.0 = Release|Any CPU
		{EF0FA8D7-B6CD-45B7-B47A-733911B2D5DC}.Debug|Any CPU.ActiveCfg = Debug|Any CPU
		{EF0FA8D7-B6CD-45B7-B47A-733911B2D5DC}.Debug|Any CPU.Build.0 = Debug|Any CPU
		{EF0FA8D7-B6CD-45B7-B47A-733911B2D5DC}.Debug|x86.ActiveCfg = Debug|Any CPU
		{EF0FA8D7-B6CD-45B7-B47A-733911B2D5DC}.Debug|x86.Build.0 = Debug|Any CPU
		{EF0FA8D7-B6CD-45B7-B47A-733911B2D5DC}.DebugGnome|Any CPU.ActiveCfg = Debug|Any CPU
		{EF0FA8D7-B6CD-45B7-B47A-733911B2D5DC}.DebugGnome|Any CPU.Build.0 = Debug|Any CPU
		{EF0FA8D7-B6CD-45B7-B47A-733911B2D5DC}.DebugGnome|x86.ActiveCfg = Debug|Any CPU
		{EF0FA8D7-B6CD-45B7-B47A-733911B2D5DC}.DebugGnome|x86.Build.0 = Debug|Any CPU
		{EF0FA8D7-B6CD-45B7-B47A-733911B2D5DC}.DebugMac|Any CPU.ActiveCfg = Debug|Any CPU
		{EF0FA8D7-B6CD-45B7-B47A-733911B2D5DC}.DebugMac|Any CPU.Build.0 = Debug|Any CPU
		{EF0FA8D7-B6CD-45B7-B47A-733911B2D5DC}.DebugMac|x86.ActiveCfg = Debug|Any CPU
		{EF0FA8D7-B6CD-45B7-B47A-733911B2D5DC}.DebugMac|x86.Build.0 = Debug|Any CPU
		{EF0FA8D7-B6CD-45B7-B47A-733911B2D5DC}.DebugWin32|Any CPU.ActiveCfg = Debug|Any CPU
		{EF0FA8D7-B6CD-45B7-B47A-733911B2D5DC}.DebugWin32|Any CPU.Build.0 = Debug|Any CPU
		{EF0FA8D7-B6CD-45B7-B47A-733911B2D5DC}.DebugWin32|x86.ActiveCfg = Debug|Any CPU
		{EF0FA8D7-B6CD-45B7-B47A-733911B2D5DC}.DebugWin32|x86.Build.0 = Debug|Any CPU
		{EF0FA8D7-B6CD-45B7-B47A-733911B2D5DC}.Release|Any CPU.ActiveCfg = Release|Any CPU
		{EF0FA8D7-B6CD-45B7-B47A-733911B2D5DC}.Release|Any CPU.Build.0 = Release|Any CPU
		{EF0FA8D7-B6CD-45B7-B47A-733911B2D5DC}.Release|x86.ActiveCfg = Release|Any CPU
		{EF0FA8D7-B6CD-45B7-B47A-733911B2D5DC}.Release|x86.Build.0 = Release|Any CPU
		{EF0FA8D7-B6CD-45B7-B47A-733911B2D5DC}.ReleaseGnome|Any CPU.ActiveCfg = Release|Any CPU
		{EF0FA8D7-B6CD-45B7-B47A-733911B2D5DC}.ReleaseGnome|Any CPU.Build.0 = Release|Any CPU
		{EF0FA8D7-B6CD-45B7-B47A-733911B2D5DC}.ReleaseGnome|x86.ActiveCfg = Release|Any CPU
		{EF0FA8D7-B6CD-45B7-B47A-733911B2D5DC}.ReleaseGnome|x86.Build.0 = Release|Any CPU
		{EF0FA8D7-B6CD-45B7-B47A-733911B2D5DC}.ReleaseMac|Any CPU.ActiveCfg = Release|Any CPU
		{EF0FA8D7-B6CD-45B7-B47A-733911B2D5DC}.ReleaseMac|Any CPU.Build.0 = Release|Any CPU
		{EF0FA8D7-B6CD-45B7-B47A-733911B2D5DC}.ReleaseMac|x86.ActiveCfg = Release|Any CPU
		{EF0FA8D7-B6CD-45B7-B47A-733911B2D5DC}.ReleaseMac|x86.Build.0 = Release|Any CPU
		{EF0FA8D7-B6CD-45B7-B47A-733911B2D5DC}.ReleaseWin32|Any CPU.ActiveCfg = Release|Any CPU
		{EF0FA8D7-B6CD-45B7-B47A-733911B2D5DC}.ReleaseWin32|Any CPU.Build.0 = Release|Any CPU
		{EF0FA8D7-B6CD-45B7-B47A-733911B2D5DC}.ReleaseWin32|x86.ActiveCfg = Release|Any CPU
		{EF0FA8D7-B6CD-45B7-B47A-733911B2D5DC}.ReleaseWin32|x86.Build.0 = Release|Any CPU
		{100568FC-F4E8-439B-94AD-41D11724E45B}.Debug|Any CPU.ActiveCfg = Debug|Any CPU
		{100568FC-F4E8-439B-94AD-41D11724E45B}.Debug|Any CPU.Build.0 = Debug|Any CPU
		{100568FC-F4E8-439B-94AD-41D11724E45B}.Debug|x86.ActiveCfg = Debug|Any CPU
		{100568FC-F4E8-439B-94AD-41D11724E45B}.Debug|x86.Build.0 = Debug|Any CPU
		{100568FC-F4E8-439B-94AD-41D11724E45B}.DebugGnome|Any CPU.ActiveCfg = DebugMac|Any CPU
		{100568FC-F4E8-439B-94AD-41D11724E45B}.DebugGnome|Any CPU.Build.0 = DebugMac|Any CPU
		{100568FC-F4E8-439B-94AD-41D11724E45B}.DebugGnome|x86.ActiveCfg = DebugMac|Any CPU
		{100568FC-F4E8-439B-94AD-41D11724E45B}.DebugGnome|x86.Build.0 = DebugMac|Any CPU
		{100568FC-F4E8-439B-94AD-41D11724E45B}.DebugMac|Any CPU.ActiveCfg = DebugMac|Any CPU
		{100568FC-F4E8-439B-94AD-41D11724E45B}.DebugMac|Any CPU.Build.0 = DebugMac|Any CPU
		{100568FC-F4E8-439B-94AD-41D11724E45B}.DebugMac|x86.ActiveCfg = DebugMac|Any CPU
		{100568FC-F4E8-439B-94AD-41D11724E45B}.DebugMac|x86.Build.0 = DebugMac|Any CPU
		{100568FC-F4E8-439B-94AD-41D11724E45B}.DebugWin32|Any CPU.ActiveCfg = DebugMac|Any CPU
		{100568FC-F4E8-439B-94AD-41D11724E45B}.DebugWin32|Any CPU.Build.0 = DebugMac|Any CPU
		{100568FC-F4E8-439B-94AD-41D11724E45B}.DebugWin32|x86.ActiveCfg = DebugMac|Any CPU
		{100568FC-F4E8-439B-94AD-41D11724E45B}.DebugWin32|x86.Build.0 = DebugMac|Any CPU
		{100568FC-F4E8-439B-94AD-41D11724E45B}.Release|Any CPU.ActiveCfg = Release|Any CPU
		{100568FC-F4E8-439B-94AD-41D11724E45B}.Release|Any CPU.Build.0 = Release|Any CPU
		{100568FC-F4E8-439B-94AD-41D11724E45B}.Release|x86.ActiveCfg = Release|Any CPU
		{100568FC-F4E8-439B-94AD-41D11724E45B}.Release|x86.Build.0 = Release|Any CPU
		{100568FC-F4E8-439B-94AD-41D11724E45B}.ReleaseGnome|Any CPU.ActiveCfg = ReleaseMac|Any CPU
		{100568FC-F4E8-439B-94AD-41D11724E45B}.ReleaseGnome|Any CPU.Build.0 = ReleaseMac|Any CPU
		{100568FC-F4E8-439B-94AD-41D11724E45B}.ReleaseGnome|x86.ActiveCfg = ReleaseMac|Any CPU
		{100568FC-F4E8-439B-94AD-41D11724E45B}.ReleaseGnome|x86.Build.0 = ReleaseMac|Any CPU
		{100568FC-F4E8-439B-94AD-41D11724E45B}.ReleaseMac|Any CPU.ActiveCfg = ReleaseMac|Any CPU
		{100568FC-F4E8-439B-94AD-41D11724E45B}.ReleaseMac|Any CPU.Build.0 = ReleaseMac|Any CPU
		{100568FC-F4E8-439B-94AD-41D11724E45B}.ReleaseMac|x86.ActiveCfg = ReleaseMac|Any CPU
		{100568FC-F4E8-439B-94AD-41D11724E45B}.ReleaseMac|x86.Build.0 = ReleaseMac|Any CPU
		{100568FC-F4E8-439B-94AD-41D11724E45B}.ReleaseWin32|Any CPU.ActiveCfg = ReleaseMac|Any CPU
		{100568FC-F4E8-439B-94AD-41D11724E45B}.ReleaseWin32|Any CPU.Build.0 = ReleaseMac|Any CPU
		{100568FC-F4E8-439B-94AD-41D11724E45B}.ReleaseWin32|x86.ActiveCfg = ReleaseMac|Any CPU
		{100568FC-F4E8-439B-94AD-41D11724E45B}.ReleaseWin32|x86.Build.0 = ReleaseMac|Any CPU
		{252117CA-0ABB-4F36-BFC8-DE23A8089BB9}.Debug|Any CPU.ActiveCfg = Debug|Any CPU
		{252117CA-0ABB-4F36-BFC8-DE23A8089BB9}.Debug|Any CPU.Build.0 = Debug|Any CPU
		{252117CA-0ABB-4F36-BFC8-DE23A8089BB9}.Debug|x86.ActiveCfg = Debug|Any CPU
		{252117CA-0ABB-4F36-BFC8-DE23A8089BB9}.Debug|x86.Build.0 = Debug|Any CPU
		{252117CA-0ABB-4F36-BFC8-DE23A8089BB9}.DebugGnome|Any CPU.ActiveCfg = Debug|Any CPU
		{252117CA-0ABB-4F36-BFC8-DE23A8089BB9}.DebugGnome|Any CPU.Build.0 = Debug|Any CPU
		{252117CA-0ABB-4F36-BFC8-DE23A8089BB9}.DebugGnome|x86.ActiveCfg = Debug|Any CPU
		{252117CA-0ABB-4F36-BFC8-DE23A8089BB9}.DebugGnome|x86.Build.0 = Debug|Any CPU
		{252117CA-0ABB-4F36-BFC8-DE23A8089BB9}.DebugMac|Any CPU.ActiveCfg = Debug|Any CPU
		{252117CA-0ABB-4F36-BFC8-DE23A8089BB9}.DebugMac|Any CPU.Build.0 = Debug|Any CPU
		{252117CA-0ABB-4F36-BFC8-DE23A8089BB9}.DebugMac|x86.ActiveCfg = Debug|Any CPU
		{252117CA-0ABB-4F36-BFC8-DE23A8089BB9}.DebugMac|x86.Build.0 = Debug|Any CPU
		{252117CA-0ABB-4F36-BFC8-DE23A8089BB9}.DebugWin32|Any CPU.ActiveCfg = Debug|Any CPU
		{252117CA-0ABB-4F36-BFC8-DE23A8089BB9}.DebugWin32|Any CPU.Build.0 = Debug|Any CPU
		{252117CA-0ABB-4F36-BFC8-DE23A8089BB9}.DebugWin32|x86.ActiveCfg = Debug|Any CPU
		{252117CA-0ABB-4F36-BFC8-DE23A8089BB9}.DebugWin32|x86.Build.0 = Debug|Any CPU
		{252117CA-0ABB-4F36-BFC8-DE23A8089BB9}.Release|Any CPU.ActiveCfg = Release|Any CPU
		{252117CA-0ABB-4F36-BFC8-DE23A8089BB9}.Release|Any CPU.Build.0 = Release|Any CPU
		{252117CA-0ABB-4F36-BFC8-DE23A8089BB9}.Release|x86.ActiveCfg = Release|Any CPU
		{252117CA-0ABB-4F36-BFC8-DE23A8089BB9}.Release|x86.Build.0 = Release|Any CPU
		{252117CA-0ABB-4F36-BFC8-DE23A8089BB9}.ReleaseGnome|Any CPU.ActiveCfg = Release|Any CPU
		{252117CA-0ABB-4F36-BFC8-DE23A8089BB9}.ReleaseGnome|Any CPU.Build.0 = Release|Any CPU
		{252117CA-0ABB-4F36-BFC8-DE23A8089BB9}.ReleaseGnome|x86.ActiveCfg = Release|Any CPU
		{252117CA-0ABB-4F36-BFC8-DE23A8089BB9}.ReleaseGnome|x86.Build.0 = Release|Any CPU
		{252117CA-0ABB-4F36-BFC8-DE23A8089BB9}.ReleaseMac|Any CPU.ActiveCfg = Release|Any CPU
		{252117CA-0ABB-4F36-BFC8-DE23A8089BB9}.ReleaseMac|Any CPU.Build.0 = Release|Any CPU
		{252117CA-0ABB-4F36-BFC8-DE23A8089BB9}.ReleaseMac|x86.ActiveCfg = Release|Any CPU
		{252117CA-0ABB-4F36-BFC8-DE23A8089BB9}.ReleaseMac|x86.Build.0 = Release|Any CPU
		{252117CA-0ABB-4F36-BFC8-DE23A8089BB9}.ReleaseWin32|Any CPU.ActiveCfg = Release|Any CPU
		{252117CA-0ABB-4F36-BFC8-DE23A8089BB9}.ReleaseWin32|Any CPU.Build.0 = Release|Any CPU
		{252117CA-0ABB-4F36-BFC8-DE23A8089BB9}.ReleaseWin32|x86.ActiveCfg = Release|Any CPU
		{252117CA-0ABB-4F36-BFC8-DE23A8089BB9}.ReleaseWin32|x86.Build.0 = Release|Any CPU
		{C93D746E-1586-4D4F-B411-BF5A966E6A08}.Debug|Any CPU.ActiveCfg = Debug|Any CPU
		{C93D746E-1586-4D4F-B411-BF5A966E6A08}.Debug|Any CPU.Build.0 = Debug|Any CPU
		{C93D746E-1586-4D4F-B411-BF5A966E6A08}.Debug|x86.ActiveCfg = Debug|Any CPU
		{C93D746E-1586-4D4F-B411-BF5A966E6A08}.Debug|x86.Build.0 = Debug|Any CPU
		{C93D746E-1586-4D4F-B411-BF5A966E6A08}.DebugGnome|Any CPU.ActiveCfg = Debug|Any CPU
		{C93D746E-1586-4D4F-B411-BF5A966E6A08}.DebugGnome|Any CPU.Build.0 = Debug|Any CPU
		{C93D746E-1586-4D4F-B411-BF5A966E6A08}.DebugGnome|x86.ActiveCfg = Debug|Any CPU
		{C93D746E-1586-4D4F-B411-BF5A966E6A08}.DebugGnome|x86.Build.0 = Debug|Any CPU
		{C93D746E-1586-4D4F-B411-BF5A966E6A08}.DebugMac|Any CPU.ActiveCfg = Debug|Any CPU
		{C93D746E-1586-4D4F-B411-BF5A966E6A08}.DebugMac|Any CPU.Build.0 = Debug|Any CPU
		{C93D746E-1586-4D4F-B411-BF5A966E6A08}.DebugMac|x86.ActiveCfg = Debug|Any CPU
		{C93D746E-1586-4D4F-B411-BF5A966E6A08}.DebugMac|x86.Build.0 = Debug|Any CPU
		{C93D746E-1586-4D4F-B411-BF5A966E6A08}.DebugWin32|Any CPU.ActiveCfg = Debug|Any CPU
		{C93D746E-1586-4D4F-B411-BF5A966E6A08}.DebugWin32|Any CPU.Build.0 = Debug|Any CPU
		{C93D746E-1586-4D4F-B411-BF5A966E6A08}.DebugWin32|x86.ActiveCfg = Debug|Any CPU
		{C93D746E-1586-4D4F-B411-BF5A966E6A08}.DebugWin32|x86.Build.0 = Debug|Any CPU
		{C93D746E-1586-4D4F-B411-BF5A966E6A08}.Release|Any CPU.ActiveCfg = Release|Any CPU
		{C93D746E-1586-4D4F-B411-BF5A966E6A08}.Release|Any CPU.Build.0 = Release|Any CPU
		{C93D746E-1586-4D4F-B411-BF5A966E6A08}.Release|x86.ActiveCfg = Release|Any CPU
		{C93D746E-1586-4D4F-B411-BF5A966E6A08}.Release|x86.Build.0 = Release|Any CPU
		{C93D746E-1586-4D4F-B411-BF5A966E6A08}.ReleaseGnome|Any CPU.ActiveCfg = Release|Any CPU
		{C93D746E-1586-4D4F-B411-BF5A966E6A08}.ReleaseGnome|Any CPU.Build.0 = Release|Any CPU
		{C93D746E-1586-4D4F-B411-BF5A966E6A08}.ReleaseGnome|x86.ActiveCfg = Release|Any CPU
		{C93D746E-1586-4D4F-B411-BF5A966E6A08}.ReleaseGnome|x86.Build.0 = Release|Any CPU
		{C93D746E-1586-4D4F-B411-BF5A966E6A08}.ReleaseMac|Any CPU.ActiveCfg = Release|Any CPU
		{C93D746E-1586-4D4F-B411-BF5A966E6A08}.ReleaseMac|Any CPU.Build.0 = Release|Any CPU
		{C93D746E-1586-4D4F-B411-BF5A966E6A08}.ReleaseMac|x86.ActiveCfg = Release|Any CPU
		{C93D746E-1586-4D4F-B411-BF5A966E6A08}.ReleaseMac|x86.Build.0 = Release|Any CPU
		{C93D746E-1586-4D4F-B411-BF5A966E6A08}.ReleaseWin32|Any CPU.ActiveCfg = Release|Any CPU
		{C93D746E-1586-4D4F-B411-BF5A966E6A08}.ReleaseWin32|Any CPU.Build.0 = Release|Any CPU
		{C93D746E-1586-4D4F-B411-BF5A966E6A08}.ReleaseWin32|x86.ActiveCfg = Release|Any CPU
		{C93D746E-1586-4D4F-B411-BF5A966E6A08}.ReleaseWin32|x86.Build.0 = Release|Any CPU
		{2197D6DE-56DD-4E78-98D9-BB584DCE2715}.Debug|Any CPU.ActiveCfg = Debug|Any CPU
		{2197D6DE-56DD-4E78-98D9-BB584DCE2715}.Debug|Any CPU.Build.0 = Debug|Any CPU
		{2197D6DE-56DD-4E78-98D9-BB584DCE2715}.Debug|x86.ActiveCfg = Debug|Any CPU
		{2197D6DE-56DD-4E78-98D9-BB584DCE2715}.Debug|x86.Build.0 = Debug|Any CPU
		{2197D6DE-56DD-4E78-98D9-BB584DCE2715}.DebugGnome|Any CPU.ActiveCfg = Debug|Any CPU
		{2197D6DE-56DD-4E78-98D9-BB584DCE2715}.DebugGnome|Any CPU.Build.0 = Debug|Any CPU
		{2197D6DE-56DD-4E78-98D9-BB584DCE2715}.DebugGnome|x86.ActiveCfg = Debug|Any CPU
		{2197D6DE-56DD-4E78-98D9-BB584DCE2715}.DebugGnome|x86.Build.0 = Debug|Any CPU
		{2197D6DE-56DD-4E78-98D9-BB584DCE2715}.DebugMac|Any CPU.ActiveCfg = Debug|Any CPU
		{2197D6DE-56DD-4E78-98D9-BB584DCE2715}.DebugMac|Any CPU.Build.0 = Debug|Any CPU
		{2197D6DE-56DD-4E78-98D9-BB584DCE2715}.DebugMac|x86.ActiveCfg = Debug|Any CPU
		{2197D6DE-56DD-4E78-98D9-BB584DCE2715}.DebugMac|x86.Build.0 = Debug|Any CPU
		{2197D6DE-56DD-4E78-98D9-BB584DCE2715}.DebugWin32|Any CPU.ActiveCfg = Debug|Any CPU
		{2197D6DE-56DD-4E78-98D9-BB584DCE2715}.DebugWin32|Any CPU.Build.0 = Debug|Any CPU
		{2197D6DE-56DD-4E78-98D9-BB584DCE2715}.DebugWin32|x86.ActiveCfg = Debug|Any CPU
		{2197D6DE-56DD-4E78-98D9-BB584DCE2715}.DebugWin32|x86.Build.0 = Debug|Any CPU
		{2197D6DE-56DD-4E78-98D9-BB584DCE2715}.Release|Any CPU.ActiveCfg = Release|Any CPU
		{2197D6DE-56DD-4E78-98D9-BB584DCE2715}.Release|Any CPU.Build.0 = Release|Any CPU
		{2197D6DE-56DD-4E78-98D9-BB584DCE2715}.Release|x86.ActiveCfg = Release|Any CPU
		{2197D6DE-56DD-4E78-98D9-BB584DCE2715}.Release|x86.Build.0 = Release|Any CPU
		{2197D6DE-56DD-4E78-98D9-BB584DCE2715}.ReleaseGnome|Any CPU.ActiveCfg = Release|Any CPU
		{2197D6DE-56DD-4E78-98D9-BB584DCE2715}.ReleaseGnome|Any CPU.Build.0 = Release|Any CPU
		{2197D6DE-56DD-4E78-98D9-BB584DCE2715}.ReleaseGnome|x86.ActiveCfg = Release|Any CPU
		{2197D6DE-56DD-4E78-98D9-BB584DCE2715}.ReleaseGnome|x86.Build.0 = Release|Any CPU
		{2197D6DE-56DD-4E78-98D9-BB584DCE2715}.ReleaseMac|Any CPU.ActiveCfg = Release|Any CPU
		{2197D6DE-56DD-4E78-98D9-BB584DCE2715}.ReleaseMac|Any CPU.Build.0 = Release|Any CPU
		{2197D6DE-56DD-4E78-98D9-BB584DCE2715}.ReleaseMac|x86.ActiveCfg = Release|Any CPU
		{2197D6DE-56DD-4E78-98D9-BB584DCE2715}.ReleaseMac|x86.Build.0 = Release|Any CPU
		{2197D6DE-56DD-4E78-98D9-BB584DCE2715}.ReleaseWin32|Any CPU.ActiveCfg = Release|Any CPU
		{2197D6DE-56DD-4E78-98D9-BB584DCE2715}.ReleaseWin32|Any CPU.Build.0 = Release|Any CPU
		{2197D6DE-56DD-4E78-98D9-BB584DCE2715}.ReleaseWin32|x86.ActiveCfg = Release|Any CPU
		{2197D6DE-56DD-4E78-98D9-BB584DCE2715}.ReleaseWin32|x86.Build.0 = Release|Any CPU
	EndGlobalSection
	GlobalSection(SolutionProperties) = preSolution
		HideSolutionNode = FALSE
	EndGlobalSection
	GlobalSection(NestedProjects) = preSolution
		{7525BB88-6142-4A26-93B9-A30C6983390A} = {9D360D43-0C05-49D6-84DB-4E7AB2F38F82}
		{27096E7F-C91C-4AC6-B289-6897A701DF21} = {9D360D43-0C05-49D6-84DB-4E7AB2F38F82}
		{A2329308-3751-4DBD-9A75-5F7B8B024625} = {9D360D43-0C05-49D6-84DB-4E7AB2F38F82}
		{961B9266-C44A-42B6-BA3D-3FB229C9C417} = {D417E929-2B3A-46AC-BBE8-027ADB63A790}
		{B480BF1B-1DCD-4288-9212-F5BEDF763797} = {D417E929-2B3A-46AC-BBE8-027ADB63A790}
		{07CC7654-27D6-421D-A64C-0FFA40456FA2} = {B480BF1B-1DCD-4288-9212-F5BEDF763797}
		{AE84B4A7-E6B1-4565-8904-16284DCE41B6} = {D417E929-2B3A-46AC-BBE8-027ADB63A790}
		{F8F92AA4-A376-4679-A9D4-60E7B7FBF477} = {D417E929-2B3A-46AC-BBE8-027ADB63A790}
		{50D6768C-C072-4E79-AFC5-C1C40767EF45} = {D417E929-2B3A-46AC-BBE8-027ADB63A790}
		{4AE0B284-72F2-49C7-9B42-812EBE379FFB} = {D417E929-2B3A-46AC-BBE8-027ADB63A790}
		{DA5A3BAC-74C9-4EF9-B2FF-BFA4BF38F80F} = {4AE0B284-72F2-49C7-9B42-812EBE379FFB}
		{2E1FB0DF-F9BB-4909-9F32-2D9D022A8E57} = {DA5A3BAC-74C9-4EF9-B2FF-BFA4BF38F80F}
		{AA0C00CB-8699-4F37-BFAE-40CA87ACC06D} = {DA5A3BAC-74C9-4EF9-B2FF-BFA4BF38F80F}
		{459868D2-54DC-415B-B1AB-BE39BDBD352F} = {4AE0B284-72F2-49C7-9B42-812EBE379FFB}
		{92494904-35FA-4DC9-BDE9-3A3E87AC49D3} = {9D360D43-0C05-49D6-84DB-4E7AB2F38F82}
		{C3887A93-B2BD-4097-8E2F-3A063EFF32FD} = {9D360D43-0C05-49D6-84DB-4E7AB2F38F82}
		{EF0FA8D7-B6CD-45B7-B47A-733911B2D5DC} = {9D360D43-0C05-49D6-84DB-4E7AB2F38F82}
		{100568FC-F4E8-439B-94AD-41D11724E45B} = {D417E929-2B3A-46AC-BBE8-027ADB63A790}
		{252117CA-0ABB-4F36-BFC8-DE23A8089BB9} = {9D360D43-0C05-49D6-84DB-4E7AB2F38F82}
		{C93D746E-1586-4D4F-B411-BF5A966E6A08} = {9D360D43-0C05-49D6-84DB-4E7AB2F38F82}
		{2197D6DE-56DD-4E78-98D9-BB584DCE2715} = {57140F71-980E-4E17-8A4D-1B7635F1A6E0}
	EndGlobalSection
	GlobalSection(MonoDevelopProperties) = preSolution
		Policies = $0
		$0.StandardHeader = $1
		$1.Text = @\n${FileName}\n \nAuthor:\n      ${AuthorName} <${AuthorEmail}>\n\nCopyright (c) ${Year} ${CopyrightHolder}\n\nPermission is hereby granted, free of charge, to any person obtaining a copy\nof this software and associated documentation files (the "Software"), to deal\nin the Software without restriction, including without limitation the rights\nto use, copy, modify, merge, publish, distribute, sublicense, and/or sell\ncopies of the Software, and to permit persons to whom the Software is\nfurnished to do so, subject to the following conditions:\n\nThe above copyright notice and this permission notice shall be included in\nall copies or substantial portions of the Software.\n\nTHE SOFTWARE IS PROVIDED "AS IS", WITHOUT WARRANTY OF ANY KIND, EXPRESS OR\nIMPLIED, INCLUDING BUT NOT LIMITED TO THE WARRANTIES OF MERCHANTABILITY,\nFITNESS FOR A PARTICULAR PURPOSE AND NONINFRINGEMENT. IN NO EVENT SHALL THE\nAUTHORS OR COPYRIGHT HOLDERS BE LIABLE FOR ANY CLAIM, DAMAGES OR OTHER\nLIABILITY, WHETHER IN AN ACTION OF CONTRACT, TORT OR OTHERWISE, ARISING FROM,\nOUT OF OR IN CONNECTION WITH THE SOFTWARE OR THE USE OR OTHER DEALINGS IN\nTHE SOFTWARE.
		$1.IncludeInNewFiles = True
		$0.TextStylePolicy = $19
		$2.FileWidth = 120
		$2.TabsToSpaces = False
		$2.inheritsSet = null
		$2.inheritsScope = text/plain
		$2.scope = application/json
		$0.DotNetNamingPolicy = $3
		$3.DirectoryNamespaceAssociation = Flat
		$3.ResourceNamePolicy = FileName
		$0.VersionControlPolicy = $4
		$4.inheritsSet = Mono
		$0.ChangeLogPolicy = $5
		$5.UpdateMode = None
		$5.VcsIntegration = None
		$5.inheritsSet = Mono
		$6.FileWidth = 120
		$6.TabsToSpaces = False
		$6.inheritsSet = VisualStudio
		$6.inheritsScope = text/plain
		$6.scope = text/x-csharp
		$0.CSharpFormattingPolicy = $7
		$7.inheritsSet = Mono
		$7.inheritsScope = text/x-csharp
		$7.scope = text/x-csharp
		$8.inheritsSet = null
		$8.scope = text/x-makefile
		$9.inheritsSet = null
		$9.scope = application/x-addin+xml
		$10.inheritsSet = null
		$10.scope = text/x-changelog
		$11.inheritsSet = null
		$11.scope = text/html
		$12.inheritsSet = null
		$12.scope = image/svg+xml
		$0.XmlFormattingPolicy = $18
		$13.inheritsSet = null
		$13.scope = application/config+xml
		$13.inheritsScope = application/xml
		$14.TabsToSpaces = False
		$14.inheritsSet = VisualStudio
		$14.inheritsScope = text/plain
		$14.scope = text/plain
		$15.inheritsSet = null
		$15.scope = application/xml
		$16.inheritsSet = Mono
		$16.inheritsScope = application/xml
		$16.scope = application/xml
		$17.inheritsSet = null
		$17.scope = application/config+xml
		$18.inheritsSet = null
		$18.scope = application/config+xml
		$19.inheritsSet = null
		$19.scope = application/json
		outputpath = build\bin\
		MakePkgConfig = False
		MakeLibPC = True
	EndGlobalSection
EndGlobal
